// !$*UTF8*$!
{
	archiveVersion = 1;
	classes = {
	};
	objectVersion = 50;
	objects = {

/* Begin PBXBuildFile section */
		2299A35422B18E07000BD0F6 /* ContactUsViewController.swift in Sources */ = {isa = PBXBuildFile; fileRef = 2299A35322B18E07000BD0F6 /* ContactUsViewController.swift */; };
		22E8AF6E22AEA70100194036 /* IssuePageController.swift in Sources */ = {isa = PBXBuildFile; fileRef = 22E8AF6D22AEA70100194036 /* IssuePageController.swift */; };
		B4085C0822A850A400A24525 /* AppDelegate.swift in Sources */ = {isa = PBXBuildFile; fileRef = B4085C0722A850A400A24525 /* AppDelegate.swift */; };
		B4085C0D22A850A500A24525 /* Main.storyboard in Resources */ = {isa = PBXBuildFile; fileRef = B4085C0B22A850A500A24525 /* Main.storyboard */; };
		B4085C0F22A850A500A24525 /* Assets.xcassets in Resources */ = {isa = PBXBuildFile; fileRef = B4085C0E22A850A500A24525 /* Assets.xcassets */; };
		B4085C1222A850A500A24525 /* LaunchScreen.storyboard in Resources */ = {isa = PBXBuildFile; fileRef = B4085C1022A850A500A24525 /* LaunchScreen.storyboard */; };
		B4086CE322A956EE00B48EFF /* FeedViewController.swift in Sources */ = {isa = PBXBuildFile; fileRef = B4086CE222A956EE00B48EFF /* FeedViewController.swift */; };
		B4086CE722A9593E00B48EFF /* FeedIssueCell.swift in Sources */ = {isa = PBXBuildFile; fileRef = B4086CE622A9593E00B48EFF /* FeedIssueCell.swift */; };
		B4086CE922A95A7400B48EFF /* IssueClass.swift in Sources */ = {isa = PBXBuildFile; fileRef = B4086CE822A95A7400B48EFF /* IssueClass.swift */; };
		B4B1DBF922AAE02A005EFFA9 /* ScreenPageViewController.swift in Sources */ = {isa = PBXBuildFile; fileRef = B4B1DBF822AAE02A005EFFA9 /* ScreenPageViewController.swift */; };
		B4EC7FCC22B16906001711BC /* SettingsTableViewController.swift in Sources */ = {isa = PBXBuildFile; fileRef = B4EC7FC822B16906001711BC /* SettingsTableViewController.swift */; };
		B4EC7FCD22B16906001711BC /* Account.swift in Sources */ = {isa = PBXBuildFile; fileRef = B4EC7FC922B16906001711BC /* Account.swift */; };
		B4EC7FCE22B16906001711BC /* AccountViewController.swift in Sources */ = {isa = PBXBuildFile; fileRef = B4EC7FCA22B16906001711BC /* AccountViewController.swift */; };
		B4EC7FCF22B16906001711BC /* SettingsTableViewCell.swift in Sources */ = {isa = PBXBuildFile; fileRef = B4EC7FCB22B16906001711BC /* SettingsTableViewCell.swift */; };
		B4EC7FD122B16964001711BC /* ViewController.swift in Sources */ = {isa = PBXBuildFile; fileRef = B4EC7FD022B16963001711BC /* ViewController.swift */; };
		B4EC7FD322B16995001711BC /* IssueViewController.swift in Sources */ = {isa = PBXBuildFile; fileRef = B4EC7FD222B16995001711BC /* IssueViewController.swift */; };
		B4EC7FD622B16E69001711BC /* AccountIssueCell.swift in Sources */ = {isa = PBXBuildFile; fileRef = B4EC7FD422B16E69001711BC /* AccountIssueCell.swift */; };
		B4EC7FD722B16E69001711BC /* AccountIssueTableViewController.swift in Sources */ = {isa = PBXBuildFile; fileRef = B4EC7FD522B16E69001711BC /* AccountIssueTableViewController.swift */; };
		B4ED4D3522AEB9C300E50272 /* UserProfile.swift in Sources */ = {isa = PBXBuildFile; fileRef = B4ED4D3422AEB9C300E50272 /* UserProfile.swift */; };
		B4ED4D3722AED64F00E50272 /* MapFunctionsViewController.swift in Sources */ = {isa = PBXBuildFile; fileRef = B4ED4D3622AED64F00E50272 /* MapFunctionsViewController.swift */; };
		B4ED4D3922B003C900E50272 /* InviteFriendsViewController.swift in Sources */ = {isa = PBXBuildFile; fileRef = B4ED4D3822B003C900E50272 /* InviteFriendsViewController.swift */; };
		B4ED4D3D22B01D1D00E50272 /* NewIssueFromCategoryTableViewController.swift in Sources */ = {isa = PBXBuildFile; fileRef = B4ED4D3C22B01D1D00E50272 /* NewIssueFromCategoryTableViewController.swift */; };
		B4ED4D3F22B0207300E50272 /* NewIssueFromCategoryTableViewCell.swift in Sources */ = {isa = PBXBuildFile; fileRef = B4ED4D3E22B0207300E50272 /* NewIssueFromCategoryTableViewCell.swift */; };
		B4ED4D4122B0334400E50272 /* IssueBuilder.swift in Sources */ = {isa = PBXBuildFile; fileRef = B4ED4D4022B0334400E50272 /* IssueBuilder.swift */; };
		F51CCD3322AFFB4100DDFC62 /* MenuVC.swift in Sources */ = {isa = PBXBuildFile; fileRef = F51CCD3222AFFB4100DDFC62 /* MenuVC.swift */; };
		F51CCD3522B000D600DDFC62 /* SlideInTransition.swift in Sources */ = {isa = PBXBuildFile; fileRef = F51CCD3422B000D600DDFC62 /* SlideInTransition.swift */; };
		F551720D22B1761200E4AA2E /* testViewController.swift in Sources */ = {isa = PBXBuildFile; fileRef = F551720C22B1761200E4AA2E /* testViewController.swift */; };
		F58116DC22B16C1B00709876 /* SideMenuVC.swift in Sources */ = {isa = PBXBuildFile; fileRef = F58116DB22B16C1B00709876 /* SideMenuVC.swift */; };
		F5F87D7922AAB587008DD7FE /* IssueViewController.swift in Sources */ = {isa = PBXBuildFile; fileRef = F5F87D7822AAB587008DD7FE /* IssueViewController.swift */; };
		FFB2C5A022A9680E00BC11ED /* AccountViewController.swift in Sources */ = {isa = PBXBuildFile; fileRef = FFB2C59F22A9680E00BC11ED /* AccountViewController.swift */; };
		FFB2C5A222A968A300BC11ED /* Account.swift in Sources */ = {isa = PBXBuildFile; fileRef = FFB2C5A122A968A300BC11ED /* Account.swift */; };
		FFB2C5A622A9785500BC11ED /* SettingsTableViewCell.swift in Sources */ = {isa = PBXBuildFile; fileRef = FFB2C5A522A9785500BC11ED /* SettingsTableViewCell.swift */; };
		FFB2C5A822A97BB100BC11ED /* SettingsTableViewController.swift in Sources */ = {isa = PBXBuildFile; fileRef = FFB2C5A722A97BB100BC11ED /* SettingsTableViewController.swift */; };
/* End PBXBuildFile section */

/* Begin PBXFileReference section */
		2299A35322B18E07000BD0F6 /* ContactUsViewController.swift */ = {isa = PBXFileReference; lastKnownFileType = sourcecode.swift; path = ContactUsViewController.swift; sourceTree = "<group>"; };
		22E8AF6D22AEA70100194036 /* IssuePageController.swift */ = {isa = PBXFileReference; lastKnownFileType = sourcecode.swift; path = IssuePageController.swift; sourceTree = "<group>"; };
		B4085C0422A850A400A24525 /* FixD.app */ = {isa = PBXFileReference; explicitFileType = wrapper.application; includeInIndex = 0; path = FixD.app; sourceTree = BUILT_PRODUCTS_DIR; };
		B4085C0722A850A400A24525 /* AppDelegate.swift */ = {isa = PBXFileReference; lastKnownFileType = sourcecode.swift; path = AppDelegate.swift; sourceTree = "<group>"; };
		B4085C0C22A850A500A24525 /* Base */ = {isa = PBXFileReference; lastKnownFileType = file.storyboard; name = Base; path = Base.lproj/Main.storyboard; sourceTree = "<group>"; };
		B4085C0E22A850A500A24525 /* Assets.xcassets */ = {isa = PBXFileReference; lastKnownFileType = folder.assetcatalog; path = Assets.xcassets; sourceTree = "<group>"; };
		B4085C1122A850A500A24525 /* Base */ = {isa = PBXFileReference; lastKnownFileType = file.storyboard; name = Base; path = Base.lproj/LaunchScreen.storyboard; sourceTree = "<group>"; };
		B4085C1322A850A500A24525 /* Info.plist */ = {isa = PBXFileReference; lastKnownFileType = text.plist.xml; path = Info.plist; sourceTree = "<group>"; };
		B4086CE222A956EE00B48EFF /* FeedViewController.swift */ = {isa = PBXFileReference; lastKnownFileType = sourcecode.swift; path = FeedViewController.swift; sourceTree = "<group>"; };
		B4086CE622A9593E00B48EFF /* FeedIssueCell.swift */ = {isa = PBXFileReference; lastKnownFileType = sourcecode.swift; path = FeedIssueCell.swift; sourceTree = "<group>"; };
		B4086CE822A95A7400B48EFF /* IssueClass.swift */ = {isa = PBXFileReference; lastKnownFileType = sourcecode.swift; path = IssueClass.swift; sourceTree = "<group>"; };
		B4B1DBF822AAE02A005EFFA9 /* ScreenPageViewController.swift */ = {isa = PBXFileReference; lastKnownFileType = sourcecode.swift; path = ScreenPageViewController.swift; sourceTree = "<group>"; };
		B4EC7FC822B16906001711BC /* SettingsTableViewController.swift */ = {isa = PBXFileReference; fileEncoding = 4; lastKnownFileType = sourcecode.swift; path = SettingsTableViewController.swift; sourceTree = "<group>"; };
		B4EC7FC922B16906001711BC /* Account.swift */ = {isa = PBXFileReference; fileEncoding = 4; lastKnownFileType = sourcecode.swift; path = Account.swift; sourceTree = "<group>"; };
		B4EC7FCA22B16906001711BC /* AccountViewController.swift */ = {isa = PBXFileReference; fileEncoding = 4; lastKnownFileType = sourcecode.swift; path = AccountViewController.swift; sourceTree = "<group>"; };
		B4EC7FCB22B16906001711BC /* SettingsTableViewCell.swift */ = {isa = PBXFileReference; fileEncoding = 4; lastKnownFileType = sourcecode.swift; path = SettingsTableViewCell.swift; sourceTree = "<group>"; };
		B4EC7FD022B16963001711BC /* ViewController.swift */ = {isa = PBXFileReference; fileEncoding = 4; lastKnownFileType = sourcecode.swift; path = ViewController.swift; sourceTree = "<group>"; };
		B4EC7FD222B16995001711BC /* IssueViewController.swift */ = {isa = PBXFileReference; fileEncoding = 4; lastKnownFileType = sourcecode.swift; path = IssueViewController.swift; sourceTree = "<group>"; };
		B4EC7FD422B16E69001711BC /* AccountIssueCell.swift */ = {isa = PBXFileReference; fileEncoding = 4; lastKnownFileType = sourcecode.swift; path = AccountIssueCell.swift; sourceTree = "<group>"; };
		B4EC7FD522B16E69001711BC /* AccountIssueTableViewController.swift */ = {isa = PBXFileReference; fileEncoding = 4; lastKnownFileType = sourcecode.swift; path = AccountIssueTableViewController.swift; sourceTree = "<group>"; };
		B4ED4D3422AEB9C300E50272 /* UserProfile.swift */ = {isa = PBXFileReference; lastKnownFileType = sourcecode.swift; path = UserProfile.swift; sourceTree = "<group>"; };
		B4ED4D3622AED64F00E50272 /* MapFunctionsViewController.swift */ = {isa = PBXFileReference; lastKnownFileType = sourcecode.swift; path = MapFunctionsViewController.swift; sourceTree = "<group>"; };
		B4ED4D3822B003C900E50272 /* InviteFriendsViewController.swift */ = {isa = PBXFileReference; lastKnownFileType = sourcecode.swift; path = InviteFriendsViewController.swift; sourceTree = "<group>"; };
		B4ED4D3C22B01D1D00E50272 /* NewIssueFromCategoryTableViewController.swift */ = {isa = PBXFileReference; lastKnownFileType = sourcecode.swift; path = NewIssueFromCategoryTableViewController.swift; sourceTree = "<group>"; };
		B4ED4D3E22B0207300E50272 /* NewIssueFromCategoryTableViewCell.swift */ = {isa = PBXFileReference; lastKnownFileType = sourcecode.swift; path = NewIssueFromCategoryTableViewCell.swift; sourceTree = "<group>"; };
		B4ED4D4022B0334400E50272 /* IssueBuilder.swift */ = {isa = PBXFileReference; fileEncoding = 4; lastKnownFileType = sourcecode.swift; path = IssueBuilder.swift; sourceTree = "<group>"; };
		F51CCD3222AFFB4100DDFC62 /* MenuVC.swift */ = {isa = PBXFileReference; lastKnownFileType = sourcecode.swift; path = MenuVC.swift; sourceTree = "<group>"; };
		F51CCD3422B000D600DDFC62 /* SlideInTransition.swift */ = {isa = PBXFileReference; lastKnownFileType = sourcecode.swift; path = SlideInTransition.swift; sourceTree = "<group>"; };
		F551720C22B1761200E4AA2E /* testViewController.swift */ = {isa = PBXFileReference; lastKnownFileType = sourcecode.swift; path = testViewController.swift; sourceTree = "<group>"; };
		F58116DB22B16C1B00709876 /* SideMenuVC.swift */ = {isa = PBXFileReference; lastKnownFileType = sourcecode.swift; path = SideMenuVC.swift; sourceTree = "<group>"; };
/* End PBXFileReference section */

/* Begin PBXFrameworksBuildPhase section */
		B4085C0122A850A400A24525 /* Frameworks */ = {
			isa = PBXFrameworksBuildPhase;
			buildActionMask = 2147483647;
			files = (
			);
			runOnlyForDeploymentPostprocessing = 0;
		};
/* End PBXFrameworksBuildPhase section */

/* Begin PBXGroup section */
		B4085BFB22A850A400A24525 = {
			isa = PBXGroup;
			children = (
				B4085C0622A850A400A24525 /* FixD */,
				B4085C0522A850A400A24525 /* Products */,
			);
			sourceTree = "<group>";
		};
		B4085C0522A850A400A24525 /* Products */ = {
			isa = PBXGroup;
			children = (
				B4085C0422A850A400A24525 /* FixD.app */,
			);
			name = Products;
			sourceTree = "<group>";
		};
		B4085C0622A850A400A24525 /* FixD */ = {
			isa = PBXGroup;
			children = (
				B4ED4D4722B0353900E50272 /* login */,
				B4ED4D4622B0350800E50272 /* map */,
				B4ED4D4522B034F600E50272 /* newissue */,
				B4ED4D4422B034D800E50272 /* feed */,
				B4ED4D4322B034B500E50272 /* useraccount */,
				B4ED4D4222B0348E00E50272 /* sidemenu */,
				B4085C0722A850A400A24525 /* AppDelegate.swift */,
				B4085C0B22A850A500A24525 /* Main.storyboard */,
				2299A35322B18E07000BD0F6 /* ContactUsViewController.swift */,
				22E8AF6D22AEA70100194036 /* IssuePageController.swift */,
				F551720C22B1761200E4AA2E /* testViewController.swift */,
				B4085C0E22A850A500A24525 /* Assets.xcassets */,
				B4085C1022A850A500A24525 /* LaunchScreen.storyboard */,
				B4085C1322A850A500A24525 /* Info.plist */,
			);
			path = FixD;
			sourceTree = "<group>";
		};
		B4ED4D4222B0348E00E50272 /* sidemenu */ = {
			isa = PBXGroup;
			children = (
				F58116DB22B16C1B00709876 /* SideMenuVC.swift */,
				F51CCD3422B000D600DDFC62 /* SlideInTransition.swift */,
				F51CCD3222AFFB4100DDFC62 /* MenuVC.swift */,
			);
			path = sidemenu;
			sourceTree = "<group>";
		};
		B4ED4D4322B034B500E50272 /* useraccount */ = {
			isa = PBXGroup;
			children = (
				B4EC7FD422B16E69001711BC /* AccountIssueCell.swift */,
				B4EC7FD522B16E69001711BC /* AccountIssueTableViewController.swift */,
				B4EC7FC922B16906001711BC /* Account.swift */,
				B4EC7FCA22B16906001711BC /* AccountViewController.swift */,
				B4EC7FCB22B16906001711BC /* SettingsTableViewCell.swift */,
				B4EC7FC822B16906001711BC /* SettingsTableViewController.swift */,
				B4ED4D3822B003C900E50272 /* InviteFriendsViewController.swift */,
				B4ED4D3422AEB9C300E50272 /* UserProfile.swift */,
			);
			path = useraccount;
			sourceTree = "<group>";
		};
		B4ED4D4422B034D800E50272 /* feed */ = {
			isa = PBXGroup;
			children = (
				B4EC7FD222B16995001711BC /* IssueViewController.swift */,
				B4086CE222A956EE00B48EFF /* FeedViewController.swift */,
				B4086CE622A9593E00B48EFF /* FeedIssueCell.swift */,
				B4086CE822A95A7400B48EFF /* IssueClass.swift */,
				B4ED4D4022B0334400E50272 /* IssueBuilder.swift */,
			);
			path = feed;
			sourceTree = "<group>";
		};
		B4ED4D4522B034F600E50272 /* newissue */ = {
			isa = PBXGroup;
			children = (
				B4ED4D3C22B01D1D00E50272 /* NewIssueFromCategoryTableViewController.swift */,
				B4ED4D3E22B0207300E50272 /* NewIssueFromCategoryTableViewCell.swift */,
			);
			path = newissue;
			sourceTree = "<group>";
		};
		B4ED4D4622B0350800E50272 /* map */ = {
			isa = PBXGroup;
			children = (
				B4ED4D3622AED64F00E50272 /* MapFunctionsViewController.swift */,
			);
			path = map;
			sourceTree = "<group>";
		};
		B4ED4D4722B0353900E50272 /* login */ = {
			isa = PBXGroup;
			children = (
				B4EC7FD022B16963001711BC /* ViewController.swift */,
				B4B1DBF822AAE02A005EFFA9 /* ScreenPageViewController.swift */,
			);
			path = login;
			sourceTree = "<group>";
		};
/* End PBXGroup section */

/* Begin PBXNativeTarget section */
		B4085C0322A850A400A24525 /* FixD */ = {
			isa = PBXNativeTarget;
			buildConfigurationList = B4085C1622A850A500A24525 /* Build configuration list for PBXNativeTarget "FixD" */;
			buildPhases = (
				B4085C0022A850A400A24525 /* Sources */,
				B4085C0122A850A400A24525 /* Frameworks */,
				B4085C0222A850A400A24525 /* Resources */,
			);
			buildRules = (
			);
			dependencies = (
			);
			name = FixD;
			productName = FixD;
			productReference = B4085C0422A850A400A24525 /* FixD.app */;
			productType = "com.apple.product-type.application";
		};
/* End PBXNativeTarget section */

/* Begin PBXProject section */
		B4085BFC22A850A400A24525 /* Project object */ = {
			isa = PBXProject;
			attributes = {
				LastSwiftUpdateCheck = 1020;
				LastUpgradeCheck = 1020;
				ORGANIZATIONNAME = Duke;
				TargetAttributes = {
					B4085C0322A850A400A24525 = {
						CreatedOnToolsVersion = 10.2.1;
					};
				};
			};
			buildConfigurationList = B4085BFF22A850A400A24525 /* Build configuration list for PBXProject "FixD" */;
			compatibilityVersion = "Xcode 9.3";
			developmentRegion = en;
			hasScannedForEncodings = 0;
			knownRegions = (
				en,
				Base,
			);
			mainGroup = B4085BFB22A850A400A24525;
			productRefGroup = B4085C0522A850A400A24525 /* Products */;
			projectDirPath = "";
			projectRoot = "";
			targets = (
				B4085C0322A850A400A24525 /* FixD */,
			);
		};
/* End PBXProject section */

/* Begin PBXResourcesBuildPhase section */
		B4085C0222A850A400A24525 /* Resources */ = {
			isa = PBXResourcesBuildPhase;
			buildActionMask = 2147483647;
			files = (
				B4085C1222A850A500A24525 /* LaunchScreen.storyboard in Resources */,
				B4085C0F22A850A500A24525 /* Assets.xcassets in Resources */,
				B4085C0D22A850A500A24525 /* Main.storyboard in Resources */,
			);
			runOnlyForDeploymentPostprocessing = 0;
		};
/* End PBXResourcesBuildPhase section */

/* Begin PBXSourcesBuildPhase section */
		B4085C0022A850A400A24525 /* Sources */ = {
			isa = PBXSourcesBuildPhase;
			buildActionMask = 2147483647;
			files = (
				B4ED4D3522AEB9C300E50272 /* UserProfile.swift in Sources */,
				B4EC7FCF22B16906001711BC /* SettingsTableViewCell.swift in Sources */,
				B4EC7FCE22B16906001711BC /* AccountViewController.swift in Sources */,
				F58116DC22B16C1B00709876 /* SideMenuVC.swift in Sources */,
				B4085C0A22A850A500A24525 /* ViewController.swift in Sources */,
				B4086CE322A956EE00B48EFF /* FeedViewController.swift in Sources */,
				22E8AF6E22AEA70100194036 /* IssuePageController.swift in Sources */,
				B4EC7FD122B16964001711BC /* ViewController.swift in Sources */,
				B4085C0822A850A400A24525 /* AppDelegate.swift in Sources */,
				F51CCD3322AFFB4100DDFC62 /* MenuVC.swift in Sources */,
				B4B1DBF922AAE02A005EFFA9 /* ScreenPageViewController.swift in Sources */,
				B4ED4D3D22B01D1D00E50272 /* NewIssueFromCategoryTableViewController.swift in Sources */,
				B4086CE722A9593E00B48EFF /* FeedIssueCell.swift in Sources */,
				2299A35422B18E07000BD0F6 /* ContactUsViewController.swift in Sources */,
				B4EC7FD322B16995001711BC /* IssueViewController.swift in Sources */,
				B4ED4D3722AED64F00E50272 /* MapFunctionsViewController.swift in Sources */,
				B4ED4D4122B0334400E50272 /* IssueBuilder.swift in Sources */,
				B4086CE922A95A7400B48EFF /* IssueClass.swift in Sources */,
				F51CCD3522B000D600DDFC62 /* SlideInTransition.swift in Sources */,
				FFB2C5A222A968A300BC11ED /* Account.swift in Sources */,
				F51CCD3522B000D600DDFC62 /* SlideInTransition.swift in Sources */,
				FFB2C5A822A97BB100BC11ED /* SettingsTableViewController.swift in Sources */,
				FFB2C5A622A9785500BC11ED /* SettingsTableViewCell.swift in Sources */,
				F551720D22B1761200E4AA2E /* testViewController.swift in Sources */,
				B4ED4D3F22B0207300E50272 /* NewIssueFromCategoryTableViewCell.swift in Sources */,
				B4085C0822A850A400A24525 /* AppDelegate.swift in Sources */,
				B4EC7FCD22B16906001711BC /* Account.swift in Sources */,
				B4EC7FD622B16E69001711BC /* AccountIssueCell.swift in Sources */,
				B4EC7FD722B16E69001711BC /* AccountIssueTableViewController.swift in Sources */,
				B4EC7FCC22B16906001711BC /* SettingsTableViewController.swift in Sources */,
				B4ED4D3922B003C900E50272 /* InviteFriendsViewController.swift in Sources */,
			);
			runOnlyForDeploymentPostprocessing = 0;
		};
/* End PBXSourcesBuildPhase section */

/* Begin PBXVariantGroup section */
		B4085C0B22A850A500A24525 /* Main.storyboard */ = {
			isa = PBXVariantGroup;
			children = (
				B4085C0C22A850A500A24525 /* Base */,
			);
			name = Main.storyboard;
			sourceTree = "<group>";
		};
		B4085C1022A850A500A24525 /* LaunchScreen.storyboard */ = {
			isa = PBXVariantGroup;
			children = (
				B4085C1122A850A500A24525 /* Base */,
			);
			name = LaunchScreen.storyboard;
			sourceTree = "<group>";
		};
/* End PBXVariantGroup section */

/* Begin XCBuildConfiguration section */
		B4085C1422A850A500A24525 /* Debug */ = {
			isa = XCBuildConfiguration;
			buildSettings = {
				ALWAYS_SEARCH_USER_PATHS = NO;
				CLANG_ANALYZER_NONNULL = YES;
				CLANG_ANALYZER_NUMBER_OBJECT_CONVERSION = YES_AGGRESSIVE;
				CLANG_CXX_LANGUAGE_STANDARD = "gnu++14";
				CLANG_CXX_LIBRARY = "libc++";
				CLANG_ENABLE_MODULES = YES;
				CLANG_ENABLE_OBJC_ARC = YES;
				CLANG_ENABLE_OBJC_WEAK = YES;
				CLANG_WARN_BLOCK_CAPTURE_AUTORELEASING = YES;
				CLANG_WARN_BOOL_CONVERSION = YES;
				CLANG_WARN_COMMA = YES;
				CLANG_WARN_CONSTANT_CONVERSION = YES;
				CLANG_WARN_DEPRECATED_OBJC_IMPLEMENTATIONS = YES;
				CLANG_WARN_DIRECT_OBJC_ISA_USAGE = YES_ERROR;
				CLANG_WARN_DOCUMENTATION_COMMENTS = YES;
				CLANG_WARN_EMPTY_BODY = YES;
				CLANG_WARN_ENUM_CONVERSION = YES;
				CLANG_WARN_INFINITE_RECURSION = YES;
				CLANG_WARN_INT_CONVERSION = YES;
				CLANG_WARN_NON_LITERAL_NULL_CONVERSION = YES;
				CLANG_WARN_OBJC_IMPLICIT_RETAIN_SELF = YES;
				CLANG_WARN_OBJC_LITERAL_CONVERSION = YES;
				CLANG_WARN_OBJC_ROOT_CLASS = YES_ERROR;
				CLANG_WARN_RANGE_LOOP_ANALYSIS = YES;
				CLANG_WARN_STRICT_PROTOTYPES = YES;
				CLANG_WARN_SUSPICIOUS_MOVE = YES;
				CLANG_WARN_UNGUARDED_AVAILABILITY = YES_AGGRESSIVE;
				CLANG_WARN_UNREACHABLE_CODE = YES;
				CLANG_WARN__DUPLICATE_METHOD_MATCH = YES;
				CODE_SIGN_IDENTITY = "iPhone Developer";
				COPY_PHASE_STRIP = NO;
				DEBUG_INFORMATION_FORMAT = dwarf;
				ENABLE_STRICT_OBJC_MSGSEND = YES;
				ENABLE_TESTABILITY = YES;
				GCC_C_LANGUAGE_STANDARD = gnu11;
				GCC_DYNAMIC_NO_PIC = NO;
				GCC_NO_COMMON_BLOCKS = YES;
				GCC_OPTIMIZATION_LEVEL = 0;
				GCC_PREPROCESSOR_DEFINITIONS = (
					"DEBUG=1",
					"$(inherited)",
				);
				GCC_WARN_64_TO_32_BIT_CONVERSION = YES;
				GCC_WARN_ABOUT_RETURN_TYPE = YES_ERROR;
				GCC_WARN_UNDECLARED_SELECTOR = YES;
				GCC_WARN_UNINITIALIZED_AUTOS = YES_AGGRESSIVE;
				GCC_WARN_UNUSED_FUNCTION = YES;
				GCC_WARN_UNUSED_VARIABLE = YES;
				IPHONEOS_DEPLOYMENT_TARGET = 12.2;
				MTL_ENABLE_DEBUG_INFO = INCLUDE_SOURCE;
				MTL_FAST_MATH = YES;
				ONLY_ACTIVE_ARCH = YES;
				SDKROOT = iphoneos;
				SWIFT_ACTIVE_COMPILATION_CONDITIONS = DEBUG;
				SWIFT_OPTIMIZATION_LEVEL = "-Onone";
			};
			name = Debug;
		};
		B4085C1522A850A500A24525 /* Release */ = {
			isa = XCBuildConfiguration;
			buildSettings = {
				ALWAYS_SEARCH_USER_PATHS = NO;
				CLANG_ANALYZER_NONNULL = YES;
				CLANG_ANALYZER_NUMBER_OBJECT_CONVERSION = YES_AGGRESSIVE;
				CLANG_CXX_LANGUAGE_STANDARD = "gnu++14";
				CLANG_CXX_LIBRARY = "libc++";
				CLANG_ENABLE_MODULES = YES;
				CLANG_ENABLE_OBJC_ARC = YES;
				CLANG_ENABLE_OBJC_WEAK = YES;
				CLANG_WARN_BLOCK_CAPTURE_AUTORELEASING = YES;
				CLANG_WARN_BOOL_CONVERSION = YES;
				CLANG_WARN_COMMA = YES;
				CLANG_WARN_CONSTANT_CONVERSION = YES;
				CLANG_WARN_DEPRECATED_OBJC_IMPLEMENTATIONS = YES;
				CLANG_WARN_DIRECT_OBJC_ISA_USAGE = YES_ERROR;
				CLANG_WARN_DOCUMENTATION_COMMENTS = YES;
				CLANG_WARN_EMPTY_BODY = YES;
				CLANG_WARN_ENUM_CONVERSION = YES;
				CLANG_WARN_INFINITE_RECURSION = YES;
				CLANG_WARN_INT_CONVERSION = YES;
				CLANG_WARN_NON_LITERAL_NULL_CONVERSION = YES;
				CLANG_WARN_OBJC_IMPLICIT_RETAIN_SELF = YES;
				CLANG_WARN_OBJC_LITERAL_CONVERSION = YES;
				CLANG_WARN_OBJC_ROOT_CLASS = YES_ERROR;
				CLANG_WARN_RANGE_LOOP_ANALYSIS = YES;
				CLANG_WARN_STRICT_PROTOTYPES = YES;
				CLANG_WARN_SUSPICIOUS_MOVE = YES;
				CLANG_WARN_UNGUARDED_AVAILABILITY = YES_AGGRESSIVE;
				CLANG_WARN_UNREACHABLE_CODE = YES;
				CLANG_WARN__DUPLICATE_METHOD_MATCH = YES;
				CODE_SIGN_IDENTITY = "iPhone Developer";
				COPY_PHASE_STRIP = NO;
				DEBUG_INFORMATION_FORMAT = "dwarf-with-dsym";
				ENABLE_NS_ASSERTIONS = NO;
				ENABLE_STRICT_OBJC_MSGSEND = YES;
				GCC_C_LANGUAGE_STANDARD = gnu11;
				GCC_NO_COMMON_BLOCKS = YES;
				GCC_WARN_64_TO_32_BIT_CONVERSION = YES;
				GCC_WARN_ABOUT_RETURN_TYPE = YES_ERROR;
				GCC_WARN_UNDECLARED_SELECTOR = YES;
				GCC_WARN_UNINITIALIZED_AUTOS = YES_AGGRESSIVE;
				GCC_WARN_UNUSED_FUNCTION = YES;
				GCC_WARN_UNUSED_VARIABLE = YES;
				IPHONEOS_DEPLOYMENT_TARGET = 12.2;
				MTL_ENABLE_DEBUG_INFO = NO;
				MTL_FAST_MATH = YES;
				SDKROOT = iphoneos;
				SWIFT_COMPILATION_MODE = wholemodule;
				SWIFT_OPTIMIZATION_LEVEL = "-O";
				VALIDATE_PRODUCT = YES;
			};
			name = Release;
		};
		B4085C1722A850A500A24525 /* Debug */ = {
			isa = XCBuildConfiguration;
			buildSettings = {
				ASSETCATALOG_COMPILER_APPICON_NAME = AppIcon;
				CODE_SIGN_STYLE = Automatic;
				INFOPLIST_FILE = FixD/Info.plist;
				LD_RUNPATH_SEARCH_PATHS = (
					"$(inherited)",
					"@executable_path/Frameworks",
				);
				PRODUCT_BUNDLE_IDENTIFIER = edu.duke.FixD;
				PRODUCT_NAME = "$(TARGET_NAME)";
				SWIFT_VERSION = 5.0;
				TARGETED_DEVICE_FAMILY = "1,2";
			};
			name = Debug;
		};
		B4085C1822A850A500A24525 /* Release */ = {
			isa = XCBuildConfiguration;
			buildSettings = {
				ASSETCATALOG_COMPILER_APPICON_NAME = AppIcon;
				CODE_SIGN_STYLE = Automatic;
				INFOPLIST_FILE = FixD/Info.plist;
				LD_RUNPATH_SEARCH_PATHS = (
					"$(inherited)",
					"@executable_path/Frameworks",
				);
				PRODUCT_BUNDLE_IDENTIFIER = edu.duke.FixD;
				PRODUCT_NAME = "$(TARGET_NAME)";
				SWIFT_VERSION = 5.0;
				TARGETED_DEVICE_FAMILY = "1,2";
			};
			name = Release;
		};
/* End XCBuildConfiguration section */

/* Begin XCConfigurationList section */
		B4085BFF22A850A400A24525 /* Build configuration list for PBXProject "FixD" */ = {
			isa = XCConfigurationList;
			buildConfigurations = (
				B4085C1422A850A500A24525 /* Debug */,
				B4085C1522A850A500A24525 /* Release */,
			);
			defaultConfigurationIsVisible = 0;
			defaultConfigurationName = Release;
		};
		B4085C1622A850A500A24525 /* Build configuration list for PBXNativeTarget "FixD" */ = {
			isa = XCConfigurationList;
			buildConfigurations = (
				B4085C1722A850A500A24525 /* Debug */,
				B4085C1822A850A500A24525 /* Release */,
			);
			defaultConfigurationIsVisible = 0;
			defaultConfigurationName = Release;
		};
/* End XCConfigurationList section */
	};
	rootObject = B4085BFC22A850A400A24525 /* Project object */;
}
