PODS:
  - Apollo (0.10.1):
    - Apollo/Core (= 0.10.1)
  - Apollo/Core (0.10.1)
  - iOSDropDown (0.3.3)
  - SwiftKeychainWrapper (3.4.0)

DEPENDENCIES:
  - Apollo (from `https://github.com/apollographql/apollo-ios.git`)
  - iOSDropDown
  - SwiftKeychainWrapper

SPEC REPOS:
  https://github.com/cocoapods/specs.git:
    - iOSDropDown
    - SwiftKeychainWrapper

EXTERNAL SOURCES:
  Apollo:
    :git: https://github.com/apollographql/apollo-ios.git

CHECKOUT OPTIONS:
  Apollo:
    :commit: 17e223d2b192e75698bd56c101f36d61b57b202b
    :git: https://github.com/apollographql/apollo-ios.git

SPEC CHECKSUMS:
  Apollo: e26a0d2cda6f7a7de10f64cb9fb80f97bc819ef8
  iOSDropDown: ae675451f6b91cec00531c953372e09c54dbd818
  SwiftKeychainWrapper: 6fc49fbf7d4a6b0772917acb0e53a1639f6078d6

PODFILE CHECKSUM: 9e041deaa05695a0d47d46865a9330143bc3cc2a

COCOAPODS: 1.7.2
